
Microsoft Visual Studio Solution File, Format Version 12.00
# Visual Studio Version 16
VisualStudioVersion = 16.0.31729.503
MinimumVisualStudioVersion = 10.0.40219.1
Project("{FAE04EC0-301F-11D3-BF4B-00C04F79EFBC}") = "Tugas week 13 tabel data", "Tugas week 13 tabel data\Tugas week 13 tabel data.csproj", "{ABC516C3-3EA1-4DDB-91BC-EB775042928F}"
EndProject
Global
	GlobalSection(SolutionConfigurationPlatforms) = preSolution
		Debug|Any CPU = Debug|Any CPU
		Release|Any CPU = Release|Any CPU
	EndGlobalSection
	GlobalSection(ProjectConfigurationPlatforms) = postSolution
		{ABC516C3-3EA1-4DDB-91BC-EB775042928F}.Debug|Any CPU.ActiveCfg = Debug|Any CPU
		{ABC516C3-3EA1-4DDB-91BC-EB775042928F}.Debug|Any CPU.Build.0 = Debug|Any CPU
		{ABC516C3-3EA1-4DDB-91BC-EB775042928F}.Release|Any CPU.ActiveCfg = Release|Any CPU
		{ABC516C3-3EA1-4DDB-91BC-EB775042928F}.Release|Any CPU.Build.0 = Release|Any CPU
	EndGlobalSection
	GlobalSection(SolutionProperties) = preSolution
		HideSolutionNode = FALSE
	EndGlobalSection
	GlobalSection(ExtensibilityGlobals) = postSolution
		SolutionGuid = {4E2ABDB7-0E07-428D-AE78-2EA57D15EE04}
	EndGlobalSection
EndGlobal
